// !$*UTF8*$!
{
	archiveVersion = 1;
	classes = {
	};
	objectVersion = 55;
	objects = {

/* Begin PBXBuildFile section */
		22001B2728BD0F030057D6A5 /* CampaignListCell.swift in Sources */ = {isa = PBXBuildFile; fileRef = 22001B2628BD0F030057D6A5 /* CampaignListCell.swift */; };
		22001B2928BD0F180057D6A5 /* CampaignItem.swift in Sources */ = {isa = PBXBuildFile; fileRef = 22001B2828BD0F180057D6A5 /* CampaignItem.swift */; };
		22001B2B28BD13610057D6A5 /* CampaignCarouselSlide.swift in Sources */ = {isa = PBXBuildFile; fileRef = 22001B2A28BD13610057D6A5 /* CampaignCarouselSlide.swift */; };
		22001B2D28BDF9780057D6A5 /* CampaignCarouselViewController.swift in Sources */ = {isa = PBXBuildFile; fileRef = 22001B2C28BDF9780057D6A5 /* CampaignCarouselViewController.swift */; };
		22001B3428BE97B70057D6A5 /* MoreInfoView.swift in Sources */ = {isa = PBXBuildFile; fileRef = 22001B3328BE97B70057D6A5 /* MoreInfoView.swift */; };
		22001B3728BEC41A0057D6A5 /* UIViewPreview.swift in Sources */ = {isa = PBXBuildFile; fileRef = 22001B3628BEC41A0057D6A5 /* UIViewPreview.swift */; };
		22001B3928BEC43A0057D6A5 /* UIViewControllerPreview.swift in Sources */ = {isa = PBXBuildFile; fileRef = 22001B3828BEC43A0057D6A5 /* UIViewControllerPreview.swift */; };
		22001B3B28BEC6610057D6A5 /* SlideToolBar.swift in Sources */ = {isa = PBXBuildFile; fileRef = 22001B3A28BEC6610057D6A5 /* SlideToolBar.swift */; };
		22001B3D28BF3E0E0057D6A5 /* CampaignCollectionViewModel.swift in Sources */ = {isa = PBXBuildFile; fileRef = 22001B3C28BF3E0E0057D6A5 /* CampaignCollectionViewModel.swift */; };
		22001B3F28BF44D10057D6A5 /* CarouselFlow.swift in Sources */ = {isa = PBXBuildFile; fileRef = 22001B3E28BF44D10057D6A5 /* CarouselFlow.swift */; };
		22001B4128BF77F30057D6A5 /* CampaignViewModel.swift in Sources */ = {isa = PBXBuildFile; fileRef = 22001B4028BF77F30057D6A5 /* CampaignViewModel.swift */; };
		22001B4828BF84790057D6A5 /* CampaignProvider.swift in Sources */ = {isa = PBXBuildFile; fileRef = 22001B4728BF84790057D6A5 /* CampaignProvider.swift */; };
		22001B4C28BF84F30057D6A5 /* CampaignAPI.swift in Sources */ = {isa = PBXBuildFile; fileRef = 22001B4B28BF84F30057D6A5 /* CampaignAPI.swift */; };
		22001B4F28BF85280057D6A5 /* CampaignViewModel+init.swift in Sources */ = {isa = PBXBuildFile; fileRef = 22001B4E28BF85280057D6A5 /* CampaignViewModel+init.swift */; };
		22001B5128BF85460057D6A5 /* CampaignViewModelProvider.swift in Sources */ = {isa = PBXBuildFile; fileRef = 22001B5028BF85460057D6A5 /* CampaignViewModelProvider.swift */; };
		22001B5328BF85700057D6A5 /* CampaignViewModelMapper.swift in Sources */ = {isa = PBXBuildFile; fileRef = 22001B5228BF85700057D6A5 /* CampaignViewModelMapper.swift */; };
		22001B9B28C1F9610057D6A5 /* Data.xcdatamodeld in Sources */ = {isa = PBXBuildFile; fileRef = 22001B9928C1F9610057D6A5 /* Data.xcdatamodeld */; };
		22001BA228C1FA840057D6A5 /* CampaignStore.swift in Sources */ = {isa = PBXBuildFile; fileRef = 22001BA128C1FA840057D6A5 /* CampaignStore.swift */; };
		22001BA828C2116E0057D6A5 /* CampaignCoreDataStoreTests.swift in Sources */ = {isa = PBXBuildFile; fileRef = 22001BA728C2116E0057D6A5 /* CampaignCoreDataStoreTests.swift */; };
		22001BAB28C219730057D6A5 /* CampaignsResponse.swift in Sources */ = {isa = PBXBuildFile; fileRef = 22001BAA28C219730057D6A5 /* CampaignsResponse.swift */; };
		22001BAE28C21E200057D6A5 /* CampaignEntity+CoreDataClass.swift in Sources */ = {isa = PBXBuildFile; fileRef = 22001BAC28C21E200057D6A5 /* CampaignEntity+CoreDataClass.swift */; };
		22001BAF28C21E200057D6A5 /* CampaignEntity+CoreDataProperties.swift in Sources */ = {isa = PBXBuildFile; fileRef = 22001BAD28C21E200057D6A5 /* CampaignEntity+CoreDataProperties.swift */; };
		22001BB128C25B580057D6A5 /* CampaignTracker.swift in Sources */ = {isa = PBXBuildFile; fileRef = 22001BB028C25B580057D6A5 /* CampaignTracker.swift */; };
		22001BB328C25B6D0057D6A5 /* CampaignUpdates.swift in Sources */ = {isa = PBXBuildFile; fileRef = 22001BB228C25B6D0057D6A5 /* CampaignUpdates.swift */; };
		22001BB528C25C410057D6A5 /* CampaignCacheRemoteSynchronizer.swift in Sources */ = {isa = PBXBuildFile; fileRef = 22001BB428C25C410057D6A5 /* CampaignCacheRemoteSynchronizer.swift */; };
		22001BB928C25C7D0057D6A5 /* CampaignCacheRemoteSynchronizerTests.swift in Sources */ = {isa = PBXBuildFile; fileRef = 22001BB828C25C7D0057D6A5 /* CampaignCacheRemoteSynchronizerTests.swift */; };
		22001BBB28C3727F0057D6A5 /* PersistentContainerFactory.swift in Sources */ = {isa = PBXBuildFile; fileRef = 22001BBA28C3727F0057D6A5 /* PersistentContainerFactory.swift */; };
		22001BBD28C3804D0057D6A5 /* CampaignCollectionViewModelTests.swift in Sources */ = {isa = PBXBuildFile; fileRef = 22001BBC28C3804D0057D6A5 /* CampaignCollectionViewModelTests.swift */; };
		22001BBF28C3C1120057D6A5 /* CampaignListViewControllerTests.swift in Sources */ = {isa = PBXBuildFile; fileRef = 22001BBE28C3C1120057D6A5 /* CampaignListViewControllerTests.swift */; };
		22001BC128C3CB280057D6A5 /* CampaignCarouselViewControllerTests.swift in Sources */ = {isa = PBXBuildFile; fileRef = 22001BC028C3CB280057D6A5 /* CampaignCarouselViewControllerTests.swift */; };
		22001BC328C51F6A0057D6A5 /* AppLanguageServiceTests.swift in Sources */ = {isa = PBXBuildFile; fileRef = 22001BC228C51F6A0057D6A5 /* AppLanguageServiceTests.swift */; };
		22001BC528C51FAC0057D6A5 /* KeyValueStore.swift in Sources */ = {isa = PBXBuildFile; fileRef = 22001BC428C51FAC0057D6A5 /* KeyValueStore.swift */; };
		22001BC728C524020057D6A5 /* LocalizationService.swift in Sources */ = {isa = PBXBuildFile; fileRef = 22001BC628C524020057D6A5 /* LocalizationService.swift */; };
		22001BC928C530150057D6A5 /* LocalizationLanguage.swift in Sources */ = {isa = PBXBuildFile; fileRef = 22001BC828C530150057D6A5 /* LocalizationLanguage.swift */; };
		22001BCB28C530770057D6A5 /* LocalizationViewModelTests.swift in Sources */ = {isa = PBXBuildFile; fileRef = 22001BCA28C530770057D6A5 /* LocalizationViewModelTests.swift */; };
		22001BD128C5369E0057D6A5 /* FakeUserDefaults.swift in Sources */ = {isa = PBXBuildFile; fileRef = 22001BD028C5369E0057D6A5 /* FakeUserDefaults.swift */; };
		22001BD328C536B70057D6A5 /* LocalizationFakeUserDefaults.swift in Sources */ = {isa = PBXBuildFile; fileRef = 22001BD228C536B70057D6A5 /* LocalizationFakeUserDefaults.swift */; };
		22001BD828C537410057D6A5 /* CampaignStoreSpy.swift in Sources */ = {isa = PBXBuildFile; fileRef = 22001BD728C537410057D6A5 /* CampaignStoreSpy.swift */; };
		22001BDA28C5375D0057D6A5 /* CampaignTrackerStub.swift in Sources */ = {isa = PBXBuildFile; fileRef = 22001BD928C5375D0057D6A5 /* CampaignTrackerStub.swift */; };
		22001BDC28C537B00057D6A5 /* DummyCampaignProvider.swift in Sources */ = {isa = PBXBuildFile; fileRef = 22001BDB28C537B00057D6A5 /* DummyCampaignProvider.swift */; };
		22001BDE28C538050057D6A5 /* CampaignProviderStub.swift in Sources */ = {isa = PBXBuildFile; fileRef = 22001BDD28C538050057D6A5 /* CampaignProviderStub.swift */; };
		22001BE528C53FCB0057D6A5 /* LoginSpy.swift in Sources */ = {isa = PBXBuildFile; fileRef = 22001BE428C53FCB0057D6A5 /* LoginSpy.swift */; };
		22001BE728C540320057D6A5 /* LoginService.swift in Sources */ = {isa = PBXBuildFile; fileRef = 22001BE628C540320057D6A5 /* LoginService.swift */; };
		22001BE928C5404E0057D6A5 /* LoginServiceStub.swift in Sources */ = {isa = PBXBuildFile; fileRef = 22001BE828C5404E0057D6A5 /* LoginServiceStub.swift */; };
		2222F45A28AF92BC00C1CEBD /* LandingViewControllerTests.swift in Sources */ = {isa = PBXBuildFile; fileRef = 2222F45928AF92BC00C1CEBD /* LandingViewControllerTests.swift */; };
		2222F45E28AF981100C1CEBD /* LoginSheetTransitionDelegate.swift in Sources */ = {isa = PBXBuildFile; fileRef = 2222F45D28AF981100C1CEBD /* LoginSheetTransitionDelegate.swift */; };
		2222F46228AF9AE800C1CEBD /* AccountHolder.swift in Sources */ = {isa = PBXBuildFile; fileRef = 2222F46128AF9AE800C1CEBD /* AccountHolder.swift */; };
		2222F46428AF9E2E00C1CEBD /* LoginViewModel.swift in Sources */ = {isa = PBXBuildFile; fileRef = 2222F46328AF9E2E00C1CEBD /* LoginViewModel.swift */; };
		2222F46628AFB53400C1CEBD /* LoginViewModelTests.swift in Sources */ = {isa = PBXBuildFile; fileRef = 2222F46528AFB53400C1CEBD /* LoginViewModelTests.swift */; };
		224A4B9C2892E0AE00FB4DDB /* AppDelegate.swift in Sources */ = {isa = PBXBuildFile; fileRef = 224A4B9B2892E0AE00FB4DDB /* AppDelegate.swift */; };
		224A4B9E2892E0AE00FB4DDB /* SceneDelegate.swift in Sources */ = {isa = PBXBuildFile; fileRef = 224A4B9D2892E0AE00FB4DDB /* SceneDelegate.swift */; };
		224A4BA02892E0AE00FB4DDB /* LandingViewController.swift in Sources */ = {isa = PBXBuildFile; fileRef = 224A4B9F2892E0AE00FB4DDB /* LandingViewController.swift */; };
		224A4BA52892E0AF00FB4DDB /* Assets.xcassets in Resources */ = {isa = PBXBuildFile; fileRef = 224A4BA42892E0AF00FB4DDB /* Assets.xcassets */; };
		224A4BA82892E0AF00FB4DDB /* LaunchScreen.storyboard in Resources */ = {isa = PBXBuildFile; fileRef = 224A4BA62892E0AF00FB4DDB /* LaunchScreen.storyboard */; };
		224A4BB22892E3D700FB4DDB /* SnapKit in Frameworks */ = {isa = PBXBuildFile; productRef = 224A4BB12892E3D700FB4DDB /* SnapKit */; };
		224A4BB5289319C800FB4DDB /* UserAvatar.swift in Sources */ = {isa = PBXBuildFile; fileRef = 224A4BB4289319C800FB4DDB /* UserAvatar.swift */; };
		224A4BB728931A1400FB4DDB /* CustomSizedPresentationController.swift in Sources */ = {isa = PBXBuildFile; fileRef = 224A4BB628931A1400FB4DDB /* CustomSizedPresentationController.swift */; };
		224A4BB928931E5C00FB4DDB /* LoginViewController.swift in Sources */ = {isa = PBXBuildFile; fileRef = 224A4BB828931E5C00FB4DDB /* LoginViewController.swift */; };
		224A4BBB28933AA700FB4DDB /* LoginWelcomeMessageView.swift in Sources */ = {isa = PBXBuildFile; fileRef = 224A4BBA28933AA700FB4DDB /* LoginWelcomeMessageView.swift */; };
		224A4BBD2893430E00FB4DDB /* CloseButton.swift in Sources */ = {isa = PBXBuildFile; fileRef = 224A4BBC2893430E00FB4DDB /* CloseButton.swift */; };
		224A4BC02893D06700FB4DDB /* HomePageViewController.swift in Sources */ = {isa = PBXBuildFile; fileRef = 224A4BBF2893D06700FB4DDB /* HomePageViewController.swift */; };
		224A4BC22893DB6100FB4DDB /* MoveUpPageTransition.swift in Sources */ = {isa = PBXBuildFile; fileRef = 224A4BC12893DB6100FB4DDB /* MoveUpPageTransition.swift */; };
		224A4BC42893FBA900FB4DDB /* CampaignListViewController.swift in Sources */ = {isa = PBXBuildFile; fileRef = 224A4BC32893FBA900FB4DDB /* CampaignListViewController.swift */; };
		224A4BC628945D0400FB4DDB /* UIViewController+addChildView.swift in Sources */ = {isa = PBXBuildFile; fileRef = 224A4BC528945D0400FB4DDB /* UIViewController+addChildView.swift */; };
		224A4BC92895703200FB4DDB /* AccountsViewController.swift in Sources */ = {isa = PBXBuildFile; fileRef = 224A4BC82895703200FB4DDB /* AccountsViewController.swift */; };
		224A4BCB2895B9F700FB4DDB /* AccountHead.swift in Sources */ = {isa = PBXBuildFile; fileRef = 224A4BCA2895B9F700FB4DDB /* AccountHead.swift */; };
		224A4BCE2895C98700FB4DDB /* UIView+doesNotWantToGrow+doesNotWantToShrink.swift in Sources */ = {isa = PBXBuildFile; fileRef = 224A4BCD2895C98700FB4DDB /* UIView+doesNotWantToGrow+doesNotWantToShrink.swift */; };
		224EA7A628B2E5130028A91B /* MainFlowTests.swift in Sources */ = {isa = PBXBuildFile; fileRef = 224EA7A528B2E5130028A91B /* MainFlowTests.swift */; };
		224EA7A928B2EB9D0028A91B /* MainFlow.swift in Sources */ = {isa = PBXBuildFile; fileRef = 224EA7A828B2EB9D0028A91B /* MainFlow.swift */; };
		224EA7AC28B2EBC30028A91B /* Factory.swift in Sources */ = {isa = PBXBuildFile; fileRef = 224EA7AB28B2EBC30028A91B /* Factory.swift */; };
		224EA7AE28B2EF780028A91B /* ViewControllerFactoryTests.swift in Sources */ = {isa = PBXBuildFile; fileRef = 224EA7AD28B2EF780028A91B /* ViewControllerFactoryTests.swift */; };
		224EA7B028B56E2E0028A91B /* UIButtonExtended.swift in Sources */ = {isa = PBXBuildFile; fileRef = 224EA7AF28B56E2E0028A91B /* UIButtonExtended.swift */; };
		224EA7B428B5711A0028A91B /* LoginButtonTests.swift in Sources */ = {isa = PBXBuildFile; fileRef = 224EA7B328B5711A0028A91B /* LoginButtonTests.swift */; };
		224EA7B628B63A5C0028A91B /* MyAssetsViewController.swift in Sources */ = {isa = PBXBuildFile; fileRef = 224EA7B528B63A5C0028A91B /* MyAssetsViewController.swift */; };
		224EA7B828B641710028A91B /* UIColor+Color.swift in Sources */ = {isa = PBXBuildFile; fileRef = 224EA7B728B641710028A91B /* UIColor+Color.swift */; };
		224EA7BA28B666F50028A91B /* AssetsCircularChart.swift in Sources */ = {isa = PBXBuildFile; fileRef = 224EA7B928B666F50028A91B /* AssetsCircularChart.swift */; };
		224EA7BC28B79E1C0028A91B /* LanguageSelectionViewController.swift in Sources */ = {isa = PBXBuildFile; fileRef = 224EA7BB28B79E1C0028A91B /* LanguageSelectionViewController.swift */; };
		224EA7BE28B7A6A70028A91B /* LoginPasswordFieldDelegate.swift in Sources */ = {isa = PBXBuildFile; fileRef = 224EA7BD28B7A6A70028A91B /* LoginPasswordFieldDelegate.swift */; };
		224EA7C028B7ACD10028A91B /* LandingBottomActionBar.swift in Sources */ = {isa = PBXBuildFile; fileRef = 224EA7BF28B7ACD10028A91B /* LandingBottomActionBar.swift */; };
		224EA7C328B945110028A91B /* UIFont+bold.swift in Sources */ = {isa = PBXBuildFile; fileRef = 224EA7C228B945110028A91B /* UIFont+bold.swift */; };
		224EA7C528B946A00028A91B /* LocalizationViewModel.swift in Sources */ = {isa = PBXBuildFile; fileRef = 224EA7C428B946A00028A91B /* LocalizationViewModel.swift */; };
		224EA7C728B94B130028A91B /* LanguageButton.swift in Sources */ = {isa = PBXBuildFile; fileRef = 224EA7C628B94B130028A91B /* LanguageButton.swift */; };
		224EA7D228B95B790028A91B /* NSBundle+Language.m in Sources */ = {isa = PBXBuildFile; fileRef = 224EA7D128B95B790028A91B /* NSBundle+Language.m */; };
		225822C228BA9C5500906459 /* CustomAlertController.swift in Sources */ = {isa = PBXBuildFile; fileRef = 225822C128BA9C5500906459 /* CustomAlertController.swift */; };
		225822C428BA9DF100906459 /* CustomAlertPresentationController.swift in Sources */ = {isa = PBXBuildFile; fileRef = 225822C328BA9DF100906459 /* CustomAlertPresentationController.swift */; };
		225822C628BAB12600906459 /* UIEdgeInsets+all.swift in Sources */ = {isa = PBXBuildFile; fileRef = 225822C528BAB12600906459 /* UIEdgeInsets+all.swift */; };
		225822C928BB759D00906459 /* Lottie in Frameworks */ = {isa = PBXBuildFile; productRef = 225822C828BB759D00906459 /* Lottie */; };
		225822CB28BB768700906459 /* warning.json in Resources */ = {isa = PBXBuildFile; fileRef = 225822CA28BB768700906459 /* warning.json */; };
		225822CD28BB889100906459 /* ExitAlertPresenter.swift in Sources */ = {isa = PBXBuildFile; fileRef = 225822CC28BB889100906459 /* ExitAlertPresenter.swift */; };
		225822CF28BB8A7100906459 /* ScalingFadingAnimatedTransition.swift in Sources */ = {isa = PBXBuildFile; fileRef = 225822CE28BB8A7100906459 /* ScalingFadingAnimatedTransition.swift */; };
		225822D228BBA58100906459 /* log_deinit.swift in Sources */ = {isa = PBXBuildFile; fileRef = 225822D128BBA58100906459 /* log_deinit.swift */; };
		2275B2052897219600BAD58E /* NSDirectionalEdgeInsets+init.swift in Sources */ = {isa = PBXBuildFile; fileRef = 2275B2042897219600BAD58E /* NSDirectionalEdgeInsets+init.swift */; };
		22965F7428B968E000C4ADD0 /* Localizable.strings in Resources */ = {isa = PBXBuildFile; fileRef = 22965F7628B968E000C4ADD0 /* Localizable.strings */; };
		22965F7928B9694200C4ADD0 /* String+Localized.swift in Sources */ = {isa = PBXBuildFile; fileRef = 22965F7828B9694100C4ADD0 /* String+Localized.swift */; };
		22965F7D28B96E6C00C4ADD0 /* LanguageService.swift in Sources */ = {isa = PBXBuildFile; fileRef = 22965F7C28B96E6C00C4ADD0 /* LanguageService.swift */; };
/* End PBXBuildFile section */

/* Begin PBXContainerItemProxy section */
		2222F45428AF909300C1CEBD /* PBXContainerItemProxy */ = {
			isa = PBXContainerItemProxy;
			containerPortal = 224A4B902892E0AE00FB4DDB /* Project object */;
			proxyType = 1;
			remoteGlobalIDString = 224A4B972892E0AE00FB4DDB;
			remoteInfo = "ziraat-clone";
		};
/* End PBXContainerItemProxy section */

/* Begin PBXCopyFilesBuildPhase section */
		224EA7D928B966450028A91B /* CopyFiles */ = {
			isa = PBXCopyFilesBuildPhase;
			buildActionMask = 2147483647;
			dstPath = "";
			dstSubfolderSpec = 7;
			files = (
			);
			runOnlyForDeploymentPostprocessing = 0;
		};
/* End PBXCopyFilesBuildPhase section */

/* Begin PBXFileReference section */
		22001B2628BD0F030057D6A5 /* CampaignListCell.swift */ = {isa = PBXFileReference; lastKnownFileType = sourcecode.swift; path = CampaignListCell.swift; sourceTree = "<group>"; };
		22001B2828BD0F180057D6A5 /* CampaignItem.swift */ = {isa = PBXFileReference; lastKnownFileType = sourcecode.swift; path = CampaignItem.swift; sourceTree = "<group>"; };
		22001B2A28BD13610057D6A5 /* CampaignCarouselSlide.swift */ = {isa = PBXFileReference; lastKnownFileType = sourcecode.swift; path = CampaignCarouselSlide.swift; sourceTree = "<group>"; };
		22001B2C28BDF9780057D6A5 /* CampaignCarouselViewController.swift */ = {isa = PBXFileReference; lastKnownFileType = sourcecode.swift; path = CampaignCarouselViewController.swift; sourceTree = "<group>"; };
		22001B3328BE97B70057D6A5 /* MoreInfoView.swift */ = {isa = PBXFileReference; lastKnownFileType = sourcecode.swift; path = MoreInfoView.swift; sourceTree = "<group>"; };
		22001B3628BEC41A0057D6A5 /* UIViewPreview.swift */ = {isa = PBXFileReference; lastKnownFileType = sourcecode.swift; path = UIViewPreview.swift; sourceTree = "<group>"; };
		22001B3828BEC43A0057D6A5 /* UIViewControllerPreview.swift */ = {isa = PBXFileReference; lastKnownFileType = sourcecode.swift; path = UIViewControllerPreview.swift; sourceTree = "<group>"; };
		22001B3A28BEC6610057D6A5 /* SlideToolBar.swift */ = {isa = PBXFileReference; lastKnownFileType = sourcecode.swift; path = SlideToolBar.swift; sourceTree = "<group>"; };
		22001B3C28BF3E0E0057D6A5 /* CampaignCollectionViewModel.swift */ = {isa = PBXFileReference; lastKnownFileType = sourcecode.swift; path = CampaignCollectionViewModel.swift; sourceTree = "<group>"; };
		22001B3E28BF44D10057D6A5 /* CarouselFlow.swift */ = {isa = PBXFileReference; lastKnownFileType = sourcecode.swift; path = CarouselFlow.swift; sourceTree = "<group>"; };
		22001B4028BF77F30057D6A5 /* CampaignViewModel.swift */ = {isa = PBXFileReference; lastKnownFileType = sourcecode.swift; path = CampaignViewModel.swift; sourceTree = "<group>"; };
		22001B4728BF84790057D6A5 /* CampaignProvider.swift */ = {isa = PBXFileReference; lastKnownFileType = sourcecode.swift; path = CampaignProvider.swift; sourceTree = "<group>"; };
		22001B4B28BF84F30057D6A5 /* CampaignAPI.swift */ = {isa = PBXFileReference; lastKnownFileType = sourcecode.swift; path = CampaignAPI.swift; sourceTree = "<group>"; };
		22001B4E28BF85280057D6A5 /* CampaignViewModel+init.swift */ = {isa = PBXFileReference; lastKnownFileType = sourcecode.swift; path = "CampaignViewModel+init.swift"; sourceTree = "<group>"; };
		22001B5028BF85460057D6A5 /* CampaignViewModelProvider.swift */ = {isa = PBXFileReference; lastKnownFileType = sourcecode.swift; path = CampaignViewModelProvider.swift; sourceTree = "<group>"; };
		22001B5228BF85700057D6A5 /* CampaignViewModelMapper.swift */ = {isa = PBXFileReference; lastKnownFileType = sourcecode.swift; path = CampaignViewModelMapper.swift; sourceTree = "<group>"; };
		22001B9A28C1F9610057D6A5 /* Data.xcdatamodel */ = {isa = PBXFileReference; lastKnownFileType = wrapper.xcdatamodel; path = Data.xcdatamodel; sourceTree = "<group>"; };
		22001BA128C1FA840057D6A5 /* CampaignStore.swift */ = {isa = PBXFileReference; lastKnownFileType = sourcecode.swift; path = CampaignStore.swift; sourceTree = "<group>"; };
		22001BA728C2116E0057D6A5 /* CampaignCoreDataStoreTests.swift */ = {isa = PBXFileReference; lastKnownFileType = sourcecode.swift; path = CampaignCoreDataStoreTests.swift; sourceTree = "<group>"; };
		22001BAA28C219730057D6A5 /* CampaignsResponse.swift */ = {isa = PBXFileReference; lastKnownFileType = sourcecode.swift; path = CampaignsResponse.swift; sourceTree = "<group>"; };
		22001BAC28C21E200057D6A5 /* CampaignEntity+CoreDataClass.swift */ = {isa = PBXFileReference; lastKnownFileType = sourcecode.swift; path = "CampaignEntity+CoreDataClass.swift"; sourceTree = "<group>"; };
		22001BAD28C21E200057D6A5 /* CampaignEntity+CoreDataProperties.swift */ = {isa = PBXFileReference; lastKnownFileType = sourcecode.swift; path = "CampaignEntity+CoreDataProperties.swift"; sourceTree = "<group>"; };
		22001BB028C25B580057D6A5 /* CampaignTracker.swift */ = {isa = PBXFileReference; lastKnownFileType = sourcecode.swift; path = CampaignTracker.swift; sourceTree = "<group>"; };
		22001BB228C25B6D0057D6A5 /* CampaignUpdates.swift */ = {isa = PBXFileReference; lastKnownFileType = sourcecode.swift; path = CampaignUpdates.swift; sourceTree = "<group>"; };
		22001BB428C25C410057D6A5 /* CampaignCacheRemoteSynchronizer.swift */ = {isa = PBXFileReference; lastKnownFileType = sourcecode.swift; path = CampaignCacheRemoteSynchronizer.swift; sourceTree = "<group>"; };
		22001BB828C25C7D0057D6A5 /* CampaignCacheRemoteSynchronizerTests.swift */ = {isa = PBXFileReference; lastKnownFileType = sourcecode.swift; path = CampaignCacheRemoteSynchronizerTests.swift; sourceTree = "<group>"; };
		22001BBA28C3727F0057D6A5 /* PersistentContainerFactory.swift */ = {isa = PBXFileReference; lastKnownFileType = sourcecode.swift; path = PersistentContainerFactory.swift; sourceTree = "<group>"; };
		22001BBC28C3804D0057D6A5 /* CampaignCollectionViewModelTests.swift */ = {isa = PBXFileReference; lastKnownFileType = sourcecode.swift; path = CampaignCollectionViewModelTests.swift; sourceTree = "<group>"; };
		22001BBE28C3C1120057D6A5 /* CampaignListViewControllerTests.swift */ = {isa = PBXFileReference; lastKnownFileType = sourcecode.swift; path = CampaignListViewControllerTests.swift; sourceTree = "<group>"; };
		22001BC028C3CB280057D6A5 /* CampaignCarouselViewControllerTests.swift */ = {isa = PBXFileReference; lastKnownFileType = sourcecode.swift; path = CampaignCarouselViewControllerTests.swift; sourceTree = "<group>"; };
		22001BC228C51F6A0057D6A5 /* AppLanguageServiceTests.swift */ = {isa = PBXFileReference; lastKnownFileType = sourcecode.swift; path = AppLanguageServiceTests.swift; sourceTree = "<group>"; };
		22001BC428C51FAC0057D6A5 /* KeyValueStore.swift */ = {isa = PBXFileReference; lastKnownFileType = sourcecode.swift; path = KeyValueStore.swift; sourceTree = "<group>"; };
		22001BC628C524020057D6A5 /* LocalizationService.swift */ = {isa = PBXFileReference; lastKnownFileType = sourcecode.swift; path = LocalizationService.swift; sourceTree = "<group>"; };
		22001BC828C530150057D6A5 /* LocalizationLanguage.swift */ = {isa = PBXFileReference; lastKnownFileType = sourcecode.swift; path = LocalizationLanguage.swift; sourceTree = "<group>"; };
		22001BCA28C530770057D6A5 /* LocalizationViewModelTests.swift */ = {isa = PBXFileReference; lastKnownFileType = sourcecode.swift; path = LocalizationViewModelTests.swift; sourceTree = "<group>"; };
		22001BD028C5369E0057D6A5 /* FakeUserDefaults.swift */ = {isa = PBXFileReference; lastKnownFileType = sourcecode.swift; path = FakeUserDefaults.swift; sourceTree = "<group>"; };
		22001BD228C536B70057D6A5 /* LocalizationFakeUserDefaults.swift */ = {isa = PBXFileReference; lastKnownFileType = sourcecode.swift; path = LocalizationFakeUserDefaults.swift; sourceTree = "<group>"; };
		22001BD728C537410057D6A5 /* CampaignStoreSpy.swift */ = {isa = PBXFileReference; lastKnownFileType = sourcecode.swift; path = CampaignStoreSpy.swift; sourceTree = "<group>"; };
		22001BD928C5375D0057D6A5 /* CampaignTrackerStub.swift */ = {isa = PBXFileReference; lastKnownFileType = sourcecode.swift; path = CampaignTrackerStub.swift; sourceTree = "<group>"; };
		22001BDB28C537B00057D6A5 /* DummyCampaignProvider.swift */ = {isa = PBXFileReference; lastKnownFileType = sourcecode.swift; path = DummyCampaignProvider.swift; sourceTree = "<group>"; };
		22001BDD28C538050057D6A5 /* CampaignProviderStub.swift */ = {isa = PBXFileReference; lastKnownFileType = sourcecode.swift; path = CampaignProviderStub.swift; sourceTree = "<group>"; };
		22001BE428C53FCB0057D6A5 /* LoginSpy.swift */ = {isa = PBXFileReference; lastKnownFileType = sourcecode.swift; path = LoginSpy.swift; sourceTree = "<group>"; };
		22001BE628C540320057D6A5 /* LoginService.swift */ = {isa = PBXFileReference; lastKnownFileType = sourcecode.swift; path = LoginService.swift; sourceTree = "<group>"; };
		22001BE828C5404E0057D6A5 /* LoginServiceStub.swift */ = {isa = PBXFileReference; lastKnownFileType = sourcecode.swift; path = LoginServiceStub.swift; sourceTree = "<group>"; };
		2222F45028AF909300C1CEBD /* ziraat-cloneTests.xctest */ = {isa = PBXFileReference; explicitFileType = wrapper.cfbundle; includeInIndex = 0; path = "ziraat-cloneTests.xctest"; sourceTree = BUILT_PRODUCTS_DIR; };
		2222F45928AF92BC00C1CEBD /* LandingViewControllerTests.swift */ = {isa = PBXFileReference; lastKnownFileType = sourcecode.swift; path = LandingViewControllerTests.swift; sourceTree = "<group>"; };
		2222F45D28AF981100C1CEBD /* LoginSheetTransitionDelegate.swift */ = {isa = PBXFileReference; lastKnownFileType = sourcecode.swift; path = LoginSheetTransitionDelegate.swift; sourceTree = "<group>"; };
		2222F46128AF9AE800C1CEBD /* AccountHolder.swift */ = {isa = PBXFileReference; lastKnownFileType = sourcecode.swift; path = AccountHolder.swift; sourceTree = "<group>"; };
		2222F46328AF9E2E00C1CEBD /* LoginViewModel.swift */ = {isa = PBXFileReference; lastKnownFileType = sourcecode.swift; path = LoginViewModel.swift; sourceTree = "<group>"; };
		2222F46528AFB53400C1CEBD /* LoginViewModelTests.swift */ = {isa = PBXFileReference; lastKnownFileType = sourcecode.swift; path = LoginViewModelTests.swift; sourceTree = "<group>"; };
		224A4B982892E0AE00FB4DDB /* ziraat-clone.app */ = {isa = PBXFileReference; explicitFileType = wrapper.application; includeInIndex = 0; path = "ziraat-clone.app"; sourceTree = BUILT_PRODUCTS_DIR; };
		224A4B9B2892E0AE00FB4DDB /* AppDelegate.swift */ = {isa = PBXFileReference; lastKnownFileType = sourcecode.swift; path = AppDelegate.swift; sourceTree = "<group>"; };
		224A4B9D2892E0AE00FB4DDB /* SceneDelegate.swift */ = {isa = PBXFileReference; lastKnownFileType = sourcecode.swift; path = SceneDelegate.swift; sourceTree = "<group>"; };
		224A4B9F2892E0AE00FB4DDB /* LandingViewController.swift */ = {isa = PBXFileReference; lastKnownFileType = sourcecode.swift; path = LandingViewController.swift; sourceTree = "<group>"; };
		224A4BA42892E0AF00FB4DDB /* Assets.xcassets */ = {isa = PBXFileReference; lastKnownFileType = folder.assetcatalog; path = Assets.xcassets; sourceTree = "<group>"; };
		224A4BA92892E0AF00FB4DDB /* Info.plist */ = {isa = PBXFileReference; lastKnownFileType = text.plist.xml; path = Info.plist; sourceTree = "<group>"; };
		224A4BB4289319C800FB4DDB /* UserAvatar.swift */ = {isa = PBXFileReference; lastKnownFileType = sourcecode.swift; path = UserAvatar.swift; sourceTree = "<group>"; };
		224A4BB628931A1400FB4DDB /* CustomSizedPresentationController.swift */ = {isa = PBXFileReference; lastKnownFileType = sourcecode.swift; path = CustomSizedPresentationController.swift; sourceTree = "<group>"; };
		224A4BB828931E5C00FB4DDB /* LoginViewController.swift */ = {isa = PBXFileReference; lastKnownFileType = sourcecode.swift; path = LoginViewController.swift; sourceTree = "<group>"; };
		224A4BBA28933AA700FB4DDB /* LoginWelcomeMessageView.swift */ = {isa = PBXFileReference; lastKnownFileType = sourcecode.swift; path = LoginWelcomeMessageView.swift; sourceTree = "<group>"; };
		224A4BBC2893430E00FB4DDB /* CloseButton.swift */ = {isa = PBXFileReference; lastKnownFileType = sourcecode.swift; path = CloseButton.swift; sourceTree = "<group>"; };
		224A4BBF2893D06700FB4DDB /* HomePageViewController.swift */ = {isa = PBXFileReference; lastKnownFileType = sourcecode.swift; path = HomePageViewController.swift; sourceTree = "<group>"; };
		224A4BC12893DB6100FB4DDB /* MoveUpPageTransition.swift */ = {isa = PBXFileReference; lastKnownFileType = sourcecode.swift; path = MoveUpPageTransition.swift; sourceTree = "<group>"; };
		224A4BC32893FBA900FB4DDB /* CampaignListViewController.swift */ = {isa = PBXFileReference; lastKnownFileType = sourcecode.swift; path = CampaignListViewController.swift; sourceTree = "<group>"; };
		224A4BC528945D0400FB4DDB /* UIViewController+addChildView.swift */ = {isa = PBXFileReference; lastKnownFileType = sourcecode.swift; path = "UIViewController+addChildView.swift"; sourceTree = "<group>"; };
		224A4BC82895703200FB4DDB /* AccountsViewController.swift */ = {isa = PBXFileReference; lastKnownFileType = sourcecode.swift; path = AccountsViewController.swift; sourceTree = "<group>"; };
		224A4BCA2895B9F700FB4DDB /* AccountHead.swift */ = {isa = PBXFileReference; lastKnownFileType = sourcecode.swift; path = AccountHead.swift; sourceTree = "<group>"; };
		224A4BCD2895C98700FB4DDB /* UIView+doesNotWantToGrow+doesNotWantToShrink.swift */ = {isa = PBXFileReference; lastKnownFileType = sourcecode.swift; path = "UIView+doesNotWantToGrow+doesNotWantToShrink.swift"; sourceTree = "<group>"; };
		224EA7A528B2E5130028A91B /* MainFlowTests.swift */ = {isa = PBXFileReference; lastKnownFileType = sourcecode.swift; path = MainFlowTests.swift; sourceTree = "<group>"; };
		224EA7A828B2EB9D0028A91B /* MainFlow.swift */ = {isa = PBXFileReference; lastKnownFileType = sourcecode.swift; path = MainFlow.swift; sourceTree = "<group>"; };
		224EA7AB28B2EBC30028A91B /* Factory.swift */ = {isa = PBXFileReference; lastKnownFileType = sourcecode.swift; path = Factory.swift; sourceTree = "<group>"; };
		224EA7AD28B2EF780028A91B /* ViewControllerFactoryTests.swift */ = {isa = PBXFileReference; lastKnownFileType = sourcecode.swift; path = ViewControllerFactoryTests.swift; sourceTree = "<group>"; };
		224EA7AF28B56E2E0028A91B /* UIButtonExtended.swift */ = {isa = PBXFileReference; lastKnownFileType = sourcecode.swift; path = UIButtonExtended.swift; sourceTree = "<group>"; };
		224EA7B328B5711A0028A91B /* LoginButtonTests.swift */ = {isa = PBXFileReference; lastKnownFileType = sourcecode.swift; path = LoginButtonTests.swift; sourceTree = "<group>"; };
		224EA7B528B63A5C0028A91B /* MyAssetsViewController.swift */ = {isa = PBXFileReference; lastKnownFileType = sourcecode.swift; path = MyAssetsViewController.swift; sourceTree = "<group>"; };
		224EA7B728B641710028A91B /* UIColor+Color.swift */ = {isa = PBXFileReference; lastKnownFileType = sourcecode.swift; path = "UIColor+Color.swift"; sourceTree = "<group>"; };
		224EA7B928B666F50028A91B /* AssetsCircularChart.swift */ = {isa = PBXFileReference; lastKnownFileType = sourcecode.swift; path = AssetsCircularChart.swift; sourceTree = "<group>"; };
		224EA7BB28B79E1C0028A91B /* LanguageSelectionViewController.swift */ = {isa = PBXFileReference; lastKnownFileType = sourcecode.swift; path = LanguageSelectionViewController.swift; sourceTree = "<group>"; };
		224EA7BD28B7A6A70028A91B /* LoginPasswordFieldDelegate.swift */ = {isa = PBXFileReference; lastKnownFileType = sourcecode.swift; path = LoginPasswordFieldDelegate.swift; sourceTree = "<group>"; };
		224EA7BF28B7ACD10028A91B /* LandingBottomActionBar.swift */ = {isa = PBXFileReference; lastKnownFileType = sourcecode.swift; path = LandingBottomActionBar.swift; sourceTree = "<group>"; };
		224EA7C228B945110028A91B /* UIFont+bold.swift */ = {isa = PBXFileReference; lastKnownFileType = sourcecode.swift; path = "UIFont+bold.swift"; sourceTree = "<group>"; };
		224EA7C428B946A00028A91B /* LocalizationViewModel.swift */ = {isa = PBXFileReference; lastKnownFileType = sourcecode.swift; path = LocalizationViewModel.swift; sourceTree = "<group>"; };
		224EA7C628B94B130028A91B /* LanguageButton.swift */ = {isa = PBXFileReference; lastKnownFileType = sourcecode.swift; path = LanguageButton.swift; sourceTree = "<group>"; };
		224EA7CF28B95B3C0028A91B /* NSBundle+Language.h */ = {isa = PBXFileReference; lastKnownFileType = sourcecode.c.h; path = "NSBundle+Language.h"; sourceTree = "<group>"; };
		224EA7D028B95B780028A91B /* ziraat-clone-Bridging-Header.h */ = {isa = PBXFileReference; lastKnownFileType = sourcecode.c.h; path = "ziraat-clone-Bridging-Header.h"; sourceTree = "<group>"; };
		224EA7D128B95B790028A91B /* NSBundle+Language.m */ = {isa = PBXFileReference; lastKnownFileType = sourcecode.c.objc; path = "NSBundle+Language.m"; sourceTree = "<group>"; };
		224EA7D828B965BE0028A91B /* Base */ = {isa = PBXFileReference; lastKnownFileType = file.storyboard; name = Base; path = Base.lproj/LaunchScreen.storyboard; sourceTree = "<group>"; };
		225822C128BA9C5500906459 /* CustomAlertController.swift */ = {isa = PBXFileReference; lastKnownFileType = sourcecode.swift; path = CustomAlertController.swift; sourceTree = "<group>"; };
		225822C328BA9DF100906459 /* CustomAlertPresentationController.swift */ = {isa = PBXFileReference; lastKnownFileType = sourcecode.swift; path = CustomAlertPresentationController.swift; sourceTree = "<group>"; };
		225822C528BAB12600906459 /* UIEdgeInsets+all.swift */ = {isa = PBXFileReference; lastKnownFileType = sourcecode.swift; path = "UIEdgeInsets+all.swift"; sourceTree = "<group>"; };
		225822CA28BB768700906459 /* warning.json */ = {isa = PBXFileReference; fileEncoding = 4; lastKnownFileType = text.json; path = warning.json; sourceTree = "<group>"; };
		225822CC28BB889100906459 /* ExitAlertPresenter.swift */ = {isa = PBXFileReference; lastKnownFileType = sourcecode.swift; path = ExitAlertPresenter.swift; sourceTree = "<group>"; };
		225822CE28BB8A7100906459 /* ScalingFadingAnimatedTransition.swift */ = {isa = PBXFileReference; lastKnownFileType = sourcecode.swift; path = ScalingFadingAnimatedTransition.swift; sourceTree = "<group>"; };
		225822D128BBA58100906459 /* log_deinit.swift */ = {isa = PBXFileReference; lastKnownFileType = sourcecode.swift; path = log_deinit.swift; sourceTree = "<group>"; };
		2275B2042897219600BAD58E /* NSDirectionalEdgeInsets+init.swift */ = {isa = PBXFileReference; lastKnownFileType = sourcecode.swift; path = "NSDirectionalEdgeInsets+init.swift"; sourceTree = "<group>"; };
		22965F7528B968E000C4ADD0 /* en */ = {isa = PBXFileReference; lastKnownFileType = text.plist.strings; name = en; path = en.lproj/Localizable.strings; sourceTree = "<group>"; };
		22965F7728B968EE00C4ADD0 /* tr */ = {isa = PBXFileReference; lastKnownFileType = text.plist.strings; name = tr; path = tr.lproj/Localizable.strings; sourceTree = "<group>"; };
		22965F7828B9694100C4ADD0 /* String+Localized.swift */ = {isa = PBXFileReference; lastKnownFileType = sourcecode.swift; path = "String+Localized.swift"; sourceTree = "<group>"; };
		22965F7C28B96E6C00C4ADD0 /* LanguageService.swift */ = {isa = PBXFileReference; lastKnownFileType = sourcecode.swift; path = LanguageService.swift; sourceTree = "<group>"; };
/* End PBXFileReference section */

/* Begin PBXFrameworksBuildPhase section */
		2222F44D28AF909300C1CEBD /* Frameworks */ = {
			isa = PBXFrameworksBuildPhase;
			buildActionMask = 2147483647;
			files = (
			);
			runOnlyForDeploymentPostprocessing = 0;
		};
		224A4B952892E0AE00FB4DDB /* Frameworks */ = {
			isa = PBXFrameworksBuildPhase;
			buildActionMask = 2147483647;
			files = (
				224A4BB22892E3D700FB4DDB /* SnapKit in Frameworks */,
				225822C928BB759D00906459 /* Lottie in Frameworks */,
			);
			runOnlyForDeploymentPostprocessing = 0;
		};
/* End PBXFrameworksBuildPhase section */

/* Begin PBXGroup section */
		22001B3528BEC40E0057D6A5 /* Preview */ = {
			isa = PBXGroup;
			children = (
				22001B3628BEC41A0057D6A5 /* UIViewPreview.swift */,
				22001B3828BEC43A0057D6A5 /* UIViewControllerPreview.swift */,
			);
			path = Preview;
			sourceTree = "<group>";
		};
		22001B4228BF82FC0057D6A5 /* ViewController */ = {
			isa = PBXGroup;
			children = (
				22001B2C28BDF9780057D6A5 /* CampaignCarouselViewController.swift */,
				22001B2A28BD13610057D6A5 /* CampaignCarouselSlide.swift */,
				224A4BC32893FBA900FB4DDB /* CampaignListViewController.swift */,
			);
			path = ViewController;
			sourceTree = "<group>";
		};
		22001B4328BF830D0057D6A5 /* View */ = {
			isa = PBXGroup;
			children = (
				22001B3A28BEC6610057D6A5 /* SlideToolBar.swift */,
				22001B3328BE97B70057D6A5 /* MoreInfoView.swift */,
				22001B2628BD0F030057D6A5 /* CampaignListCell.swift */,
			);
			path = View;
			sourceTree = "<group>";
		};
		22001B4428BF83120057D6A5 /* ViewModel */ = {
			isa = PBXGroup;
			children = (
				22001B4028BF77F30057D6A5 /* CampaignViewModel.swift */,
				22001B3C28BF3E0E0057D6A5 /* CampaignCollectionViewModel.swift */,
			);
			path = ViewModel;
			sourceTree = "<group>";
		};
		22001B4528BF831E0057D6A5 /* Model */ = {
			isa = PBXGroup;
			children = (
				22001BA028C1FA2B0057D6A5 /* CampaignEntity */,
				22001B2828BD0F180057D6A5 /* CampaignItem.swift */,
				22001BB228C25B6D0057D6A5 /* CampaignUpdates.swift */,
			);
			path = Model;
			sourceTree = "<group>";
		};
		22001B4628BF845F0057D6A5 /* Service */ = {
			isa = PBXGroup;
			children = (
				22001B4A28BF84A30057D6A5 /* Implemention */,
				22001B4928BF847D0057D6A5 /* Protocol */,
			);
			path = Service;
			sourceTree = "<group>";
		};
		22001B4928BF847D0057D6A5 /* Protocol */ = {
			isa = PBXGroup;
			children = (
				22001B4728BF84790057D6A5 /* CampaignProvider.swift */,
				22001BA128C1FA840057D6A5 /* CampaignStore.swift */,
				22001BB028C25B580057D6A5 /* CampaignTracker.swift */,
			);
			path = Protocol;
			sourceTree = "<group>";
		};
		22001B4A28BF84A30057D6A5 /* Implemention */ = {
			isa = PBXGroup;
			children = (
				22001B4B28BF84F30057D6A5 /* CampaignAPI.swift */,
				22001BB428C25C410057D6A5 /* CampaignCacheRemoteSynchronizer.swift */,
			);
			path = Implemention;
			sourceTree = "<group>";
		};
		22001B4D28BF850B0057D6A5 /* Adapters */ = {
			isa = PBXGroup;
			children = (
				22001B4E28BF85280057D6A5 /* CampaignViewModel+init.swift */,
				22001B5028BF85460057D6A5 /* CampaignViewModelProvider.swift */,
				22001B5228BF85700057D6A5 /* CampaignViewModelMapper.swift */,
			);
			path = Adapters;
			sourceTree = "<group>";
		};
		22001BA028C1FA2B0057D6A5 /* CampaignEntity */ = {
			isa = PBXGroup;
			children = (
			);
			path = CampaignEntity;
			sourceTree = "<group>";
		};
		22001BA928C219580057D6A5 /* Response */ = {
			isa = PBXGroup;
			children = (
				22001BAA28C219730057D6A5 /* CampaignsResponse.swift */,
			);
			path = Response;
			sourceTree = "<group>";
		};
		22001BCD28C536540057D6A5 /* Localization */ = {
			isa = PBXGroup;
			children = (
				22001BCF28C5366F0057D6A5 /* TestDoubles */,
				22001BCE28C536640057D6A5 /* Tests */,
			);
			path = Localization;
			sourceTree = "<group>";
		};
		22001BCE28C536640057D6A5 /* Tests */ = {
			isa = PBXGroup;
			children = (
				22001BCA28C530770057D6A5 /* LocalizationViewModelTests.swift */,
				22001BC228C51F6A0057D6A5 /* AppLanguageServiceTests.swift */,
			);
			path = Tests;
			sourceTree = "<group>";
		};
		22001BCF28C5366F0057D6A5 /* TestDoubles */ = {
			isa = PBXGroup;
			children = (
				22001BD028C5369E0057D6A5 /* FakeUserDefaults.swift */,
				22001BD228C536B70057D6A5 /* LocalizationFakeUserDefaults.swift */,
			);
			path = TestDoubles;
			sourceTree = "<group>";
		};
		22001BD428C5370F0057D6A5 /* Campaign */ = {
			isa = PBXGroup;
			children = (
				22001BD628C537220057D6A5 /* TestDoubles */,
				22001BD528C5371C0057D6A5 /* Tests */,
			);
			path = Campaign;
			sourceTree = "<group>";
		};
		22001BD528C5371C0057D6A5 /* Tests */ = {
			isa = PBXGroup;
			children = (
				22001BC028C3CB280057D6A5 /* CampaignCarouselViewControllerTests.swift */,
				22001BBE28C3C1120057D6A5 /* CampaignListViewControllerTests.swift */,
				22001BBC28C3804D0057D6A5 /* CampaignCollectionViewModelTests.swift */,
				22001BB828C25C7D0057D6A5 /* CampaignCacheRemoteSynchronizerTests.swift */,
				22001BA728C2116E0057D6A5 /* CampaignCoreDataStoreTests.swift */,
			);
			path = Tests;
			sourceTree = "<group>";
		};
		22001BD628C537220057D6A5 /* TestDoubles */ = {
			isa = PBXGroup;
			children = (
				22001BD728C537410057D6A5 /* CampaignStoreSpy.swift */,
				22001BD928C5375D0057D6A5 /* CampaignTrackerStub.swift */,
				22001BDB28C537B00057D6A5 /* DummyCampaignProvider.swift */,
				22001BDD28C538050057D6A5 /* CampaignProviderStub.swift */,
			);
			path = TestDoubles;
			sourceTree = "<group>";
		};
		22001BDF28C538600057D6A5 /* Login */ = {
			isa = PBXGroup;
			children = (
				22001BE328C538B00057D6A5 /* TestDoubles */,
				22001BE228C538AB0057D6A5 /* Tests */,
			);
			path = Login;
			sourceTree = "<group>";
		};
		22001BE028C5386F0057D6A5 /* Flows */ = {
			isa = PBXGroup;
			children = (
				224EA7A528B2E5130028A91B /* MainFlowTests.swift */,
			);
			path = Flows;
			sourceTree = "<group>";
		};
		22001BE228C538AB0057D6A5 /* Tests */ = {
			isa = PBXGroup;
			children = (
				224EA7B328B5711A0028A91B /* LoginButtonTests.swift */,
				2222F46528AFB53400C1CEBD /* LoginViewModelTests.swift */,
			);
			path = Tests;
			sourceTree = "<group>";
		};
		22001BE328C538B00057D6A5 /* TestDoubles */ = {
			isa = PBXGroup;
			children = (
				22001BE428C53FCB0057D6A5 /* LoginSpy.swift */,
			);
			path = TestDoubles;
			sourceTree = "<group>";
		};
		2222F45128AF909300C1CEBD /* ziraat-cloneTests */ = {
			isa = PBXGroup;
			children = (
				22001BE028C5386F0057D6A5 /* Flows */,
				22001BDF28C538600057D6A5 /* Login */,
				22001BD428C5370F0057D6A5 /* Campaign */,
				22001BCD28C536540057D6A5 /* Localization */,
				2222F45B28AF930E00C1CEBD /* ui */,
				2222F45928AF92BC00C1CEBD /* LandingViewControllerTests.swift */,
				224EA7AD28B2EF780028A91B /* ViewControllerFactoryTests.swift */,
			);
			path = "ziraat-cloneTests";
			sourceTree = "<group>";
		};
		2222F45B28AF930E00C1CEBD /* ui */ = {
			isa = PBXGroup;
			children = (
			);
			path = ui;
			sourceTree = "<group>";
		};
		2222F45F28AF99CD00C1CEBD /* Campaigns */ = {
			isa = PBXGroup;
			children = (
				22001BA928C219580057D6A5 /* Response */,
				22001B4D28BF850B0057D6A5 /* Adapters */,
				22001B4628BF845F0057D6A5 /* Service */,
				22001B4528BF831E0057D6A5 /* Model */,
				22001B4428BF83120057D6A5 /* ViewModel */,
				22001B4328BF830D0057D6A5 /* View */,
				22001B4228BF82FC0057D6A5 /* ViewController */,
			);
			path = Campaigns;
			sourceTree = "<group>";
		};
		2222F46028AF99D400C1CEBD /* Login */ = {
			isa = PBXGroup;
			children = (
				2222F45D28AF981100C1CEBD /* LoginSheetTransitionDelegate.swift */,
				224A4BB828931E5C00FB4DDB /* LoginViewController.swift */,
				224A4BBC2893430E00FB4DDB /* CloseButton.swift */,
				2222F46328AF9E2E00C1CEBD /* LoginViewModel.swift */,
				224EA7AF28B56E2E0028A91B /* UIButtonExtended.swift */,
				224EA7BD28B7A6A70028A91B /* LoginPasswordFieldDelegate.swift */,
				22001BE628C540320057D6A5 /* LoginService.swift */,
				22001BE828C5404E0057D6A5 /* LoginServiceStub.swift */,
			);
			path = Login;
			sourceTree = "<group>";
		};
		224A4B8F2892E0AE00FB4DDB = {
			isa = PBXGroup;
			children = (
				22001BAC28C21E200057D6A5 /* CampaignEntity+CoreDataClass.swift */,
				22001BAD28C21E200057D6A5 /* CampaignEntity+CoreDataProperties.swift */,
				224A4B9A2892E0AE00FB4DDB /* ziraat-clone */,
				2222F45128AF909300C1CEBD /* ziraat-cloneTests */,
				224A4B992892E0AE00FB4DDB /* Products */,
			);
			sourceTree = "<group>";
		};
		224A4B992892E0AE00FB4DDB /* Products */ = {
			isa = PBXGroup;
			children = (
				224A4B982892E0AE00FB4DDB /* ziraat-clone.app */,
				2222F45028AF909300C1CEBD /* ziraat-cloneTests.xctest */,
			);
			name = Products;
			sourceTree = "<group>";
		};
		224A4B9A2892E0AE00FB4DDB /* ziraat-clone */ = {
			isa = PBXGroup;
			children = (
				2222F45F28AF99CD00C1CEBD /* Campaigns */,
				225822CA28BB768700906459 /* warning.json */,
				22965F7B28B96E3400C4ADD0 /* Localization */,
				224EA7C828B959BE0028A91B /* objc */,
				224EA7AA28B2EBB40028A91B /* Factory */,
				224EA7A728B2EB8D0028A91B /* Flow */,
				224A4BCC2895C93F00FB4DDB /* Utils */,
				224A4BC72895702000FB4DDB /* Accounts */,
				224A4BBE2893D05700FB4DDB /* Home */,
				224A4BB3289319B900FB4DDB /* Landing */,
				224A4B9B2892E0AE00FB4DDB /* AppDelegate.swift */,
				224A4B9D2892E0AE00FB4DDB /* SceneDelegate.swift */,
				224A4BA42892E0AF00FB4DDB /* Assets.xcassets */,
				224A4BA62892E0AF00FB4DDB /* LaunchScreen.storyboard */,
				224A4BA92892E0AF00FB4DDB /* Info.plist */,
				224A4BC528945D0400FB4DDB /* UIViewController+addChildView.swift */,
				2222F46128AF9AE800C1CEBD /* AccountHolder.swift */,
				22965F7628B968E000C4ADD0 /* Localizable.strings */,
				22001B9928C1F9610057D6A5 /* Data.xcdatamodeld */,
			);
			path = "ziraat-clone";
			sourceTree = "<group>";
		};
		224A4BB3289319B900FB4DDB /* Landing */ = {
			isa = PBXGroup;
			children = (
				224A4BBA28933AA700FB4DDB /* LoginWelcomeMessageView.swift */,
				2222F46028AF99D400C1CEBD /* Login */,
				224A4B9F2892E0AE00FB4DDB /* LandingViewController.swift */,
				224A4BB4289319C800FB4DDB /* UserAvatar.swift */,
				224A4BB628931A1400FB4DDB /* CustomSizedPresentationController.swift */,
				224EA7BF28B7ACD10028A91B /* LandingBottomActionBar.swift */,
			);
			path = Landing;
			sourceTree = "<group>";
		};
		224A4BBE2893D05700FB4DDB /* Home */ = {
			isa = PBXGroup;
			children = (
				224A4BBF2893D06700FB4DDB /* HomePageViewController.swift */,
				224A4BC12893DB6100FB4DDB /* MoveUpPageTransition.swift */,
				224EA7B528B63A5C0028A91B /* MyAssetsViewController.swift */,
				224EA7B928B666F50028A91B /* AssetsCircularChart.swift */,
				225822CC28BB889100906459 /* ExitAlertPresenter.swift */,
			);
			path = Home;
			sourceTree = "<group>";
		};
		224A4BC72895702000FB4DDB /* Accounts */ = {
			isa = PBXGroup;
			children = (
				224A4BC82895703200FB4DDB /* AccountsViewController.swift */,
				224A4BCA2895B9F700FB4DDB /* AccountHead.swift */,
			);
			path = Accounts;
			sourceTree = "<group>";
		};
		224A4BCC2895C93F00FB4DDB /* Utils */ = {
			isa = PBXGroup;
			children = (
				22001B3528BEC40E0057D6A5 /* Preview */,
				225822C028BA9C3F00906459 /* Shared */,
				224EA7C128B944F30028A91B /* Extensions */,
				225822D128BBA58100906459 /* log_deinit.swift */,
			);
			path = Utils;
			sourceTree = "<group>";
		};
		224EA7A728B2EB8D0028A91B /* Flow */ = {
			isa = PBXGroup;
			children = (
				224EA7A828B2EB9D0028A91B /* MainFlow.swift */,
				22001B3E28BF44D10057D6A5 /* CarouselFlow.swift */,
				22001BBA28C3727F0057D6A5 /* PersistentContainerFactory.swift */,
			);
			path = Flow;
			sourceTree = "<group>";
		};
		224EA7AA28B2EBB40028A91B /* Factory */ = {
			isa = PBXGroup;
			children = (
				224EA7AB28B2EBC30028A91B /* Factory.swift */,
			);
			path = Factory;
			sourceTree = "<group>";
		};
		224EA7C128B944F30028A91B /* Extensions */ = {
			isa = PBXGroup;
			children = (
				2275B2042897219600BAD58E /* NSDirectionalEdgeInsets+init.swift */,
				224A4BCD2895C98700FB4DDB /* UIView+doesNotWantToGrow+doesNotWantToShrink.swift */,
				224EA7B728B641710028A91B /* UIColor+Color.swift */,
				224EA7C228B945110028A91B /* UIFont+bold.swift */,
				22965F7828B9694100C4ADD0 /* String+Localized.swift */,
				225822C528BAB12600906459 /* UIEdgeInsets+all.swift */,
			);
			path = Extensions;
			sourceTree = "<group>";
		};
		224EA7C828B959BE0028A91B /* objc */ = {
			isa = PBXGroup;
			children = (
				224EA7CF28B95B3C0028A91B /* NSBundle+Language.h */,
				224EA7D128B95B790028A91B /* NSBundle+Language.m */,
				224EA7D028B95B780028A91B /* ziraat-clone-Bridging-Header.h */,
			);
			path = objc;
			sourceTree = "<group>";
		};
		225822C028BA9C3F00906459 /* Shared */ = {
			isa = PBXGroup;
			children = (
				225822D028BBA37900906459 /* Alert */,
			);
			path = Shared;
			sourceTree = "<group>";
		};
		225822D028BBA37900906459 /* Alert */ = {
			isa = PBXGroup;
			children = (
				225822CE28BB8A7100906459 /* ScalingFadingAnimatedTransition.swift */,
				225822C328BA9DF100906459 /* CustomAlertPresentationController.swift */,
				225822C128BA9C5500906459 /* CustomAlertController.swift */,
			);
			path = Alert;
			sourceTree = "<group>";
		};
		22965F7B28B96E3400C4ADD0 /* Localization */ = {
			isa = PBXGroup;
			children = (
				224EA7C628B94B130028A91B /* LanguageButton.swift */,
				224EA7BB28B79E1C0028A91B /* LanguageSelectionViewController.swift */,
				224EA7C428B946A00028A91B /* LocalizationViewModel.swift */,
				22965F7C28B96E6C00C4ADD0 /* LanguageService.swift */,
				22001BC428C51FAC0057D6A5 /* KeyValueStore.swift */,
				22001BC628C524020057D6A5 /* LocalizationService.swift */,
				22001BC828C530150057D6A5 /* LocalizationLanguage.swift */,
			);
			path = Localization;
			sourceTree = "<group>";
		};
/* End PBXGroup section */

/* Begin PBXNativeTarget section */
		2222F44F28AF909300C1CEBD /* ziraat-cloneTests */ = {
			isa = PBXNativeTarget;
			buildConfigurationList = 2222F45828AF909300C1CEBD /* Build configuration list for PBXNativeTarget "ziraat-cloneTests" */;
			buildPhases = (
				2222F44C28AF909300C1CEBD /* Sources */,
				2222F44D28AF909300C1CEBD /* Frameworks */,
				2222F44E28AF909300C1CEBD /* Resources */,
			);
			buildRules = (
			);
			dependencies = (
				2222F45528AF909300C1CEBD /* PBXTargetDependency */,
			);
			name = "ziraat-cloneTests";
			productName = "ziraat-cloneTests";
			productReference = 2222F45028AF909300C1CEBD /* ziraat-cloneTests.xctest */;
			productType = "com.apple.product-type.bundle.unit-test";
		};
		224A4B972892E0AE00FB4DDB /* ziraat-clone */ = {
			isa = PBXNativeTarget;
			buildConfigurationList = 224A4BAC2892E0AF00FB4DDB /* Build configuration list for PBXNativeTarget "ziraat-clone" */;
			buildPhases = (
				224A4B942892E0AE00FB4DDB /* Sources */,
				224A4B952892E0AE00FB4DDB /* Frameworks */,
				224A4B962892E0AE00FB4DDB /* Resources */,
				224EA7D928B966450028A91B /* CopyFiles */,
				22001B2328BCD7270057D6A5 /* SwiftLint */,
			);
			buildRules = (
			);
			dependencies = (
			);
			name = "ziraat-clone";
			packageProductDependencies = (
				224A4BB12892E3D700FB4DDB /* SnapKit */,
				225822C828BB759D00906459 /* Lottie */,
			);
			productName = "ziraat-clone";
			productReference = 224A4B982892E0AE00FB4DDB /* ziraat-clone.app */;
			productType = "com.apple.product-type.application";
		};
/* End PBXNativeTarget section */

/* Begin PBXProject section */
		224A4B902892E0AE00FB4DDB /* Project object */ = {
			isa = PBXProject;
			attributes = {
				BuildIndependentTargetsInParallel = 1;
				LastSwiftUpdateCheck = 1340;
				LastUpgradeCheck = 1340;
				TargetAttributes = {
					2222F44F28AF909300C1CEBD = {
						CreatedOnToolsVersion = 13.4.1;
						TestTargetID = 224A4B972892E0AE00FB4DDB;
					};
					224A4B972892E0AE00FB4DDB = {
						CreatedOnToolsVersion = 13.4.1;
						LastSwiftMigration = 1340;
					};
				};
			};
			buildConfigurationList = 224A4B932892E0AE00FB4DDB /* Build configuration list for PBXProject "ziraat-clone" */;
			compatibilityVersion = "Xcode 13.0";
			developmentRegion = en;
			hasScannedForEncodings = 0;
			knownRegions = (
				en,
				Base,
				tr,
			);
			mainGroup = 224A4B8F2892E0AE00FB4DDB;
			packageReferences = (
				224A4BB02892E3D700FB4DDB /* XCRemoteSwiftPackageReference "SnapKit" */,
				225822C728BB759D00906459 /* XCRemoteSwiftPackageReference "lottie-ios" */,
			);
			productRefGroup = 224A4B992892E0AE00FB4DDB /* Products */;
			projectDirPath = "";
			projectRoot = "";
			targets = (
				224A4B972892E0AE00FB4DDB /* ziraat-clone */,
				2222F44F28AF909300C1CEBD /* ziraat-cloneTests */,
			);
		};
/* End PBXProject section */

/* Begin PBXResourcesBuildPhase section */
		2222F44E28AF909300C1CEBD /* Resources */ = {
			isa = PBXResourcesBuildPhase;
			buildActionMask = 2147483647;
			files = (
			);
			runOnlyForDeploymentPostprocessing = 0;
		};
		224A4B962892E0AE00FB4DDB /* Resources */ = {
			isa = PBXResourcesBuildPhase;
			buildActionMask = 2147483647;
			files = (
				224A4BA82892E0AF00FB4DDB /* LaunchScreen.storyboard in Resources */,
				22965F7428B968E000C4ADD0 /* Localizable.strings in Resources */,
				225822CB28BB768700906459 /* warning.json in Resources */,
				224A4BA52892E0AF00FB4DDB /* Assets.xcassets in Resources */,
			);
			runOnlyForDeploymentPostprocessing = 0;
		};
/* End PBXResourcesBuildPhase section */

/* Begin PBXShellScriptBuildPhase section */
		22001B2328BCD7270057D6A5 /* SwiftLint */ = {
			isa = PBXShellScriptBuildPhase;
			buildActionMask = 2147483647;
			files = (
			);
			inputFileListPaths = (
			);
			inputPaths = (
			);
			name = SwiftLint;
			outputFileListPaths = (
			);
			outputPaths = (
			);
			runOnlyForDeploymentPostprocessing = 0;
			shellPath = /bin/sh;
			shellScript = "export PATH=\"$PATH:/opt/homebrew/bin\"\nif which swiftlint > /dev/null; then\n  swiftlint\nelse\n  echo \"warning: SwiftLint not installed, download from https://github.com/realm/SwiftLint\"\nfi\n";
		};
/* End PBXShellScriptBuildPhase section */

/* Begin PBXSourcesBuildPhase section */
		2222F44C28AF909300C1CEBD /* Sources */ = {
			isa = PBXSourcesBuildPhase;
			buildActionMask = 2147483647;
			files = (
				2222F46628AFB53400C1CEBD /* LoginViewModelTests.swift in Sources */,
				22001BD128C5369E0057D6A5 /* FakeUserDefaults.swift in Sources */,
				224EA7AE28B2EF780028A91B /* ViewControllerFactoryTests.swift in Sources */,
				22001BDC28C537B00057D6A5 /* DummyCampaignProvider.swift in Sources */,
				22001BCB28C530770057D6A5 /* LocalizationViewModelTests.swift in Sources */,
				22001BD828C537410057D6A5 /* CampaignStoreSpy.swift in Sources */,
				22001BC128C3CB280057D6A5 /* CampaignCarouselViewControllerTests.swift in Sources */,
				22001BC328C51F6A0057D6A5 /* AppLanguageServiceTests.swift in Sources */,
				22001BDE28C538050057D6A5 /* CampaignProviderStub.swift in Sources */,
				22001BE528C53FCB0057D6A5 /* LoginSpy.swift in Sources */,
				22001BBF28C3C1120057D6A5 /* CampaignListViewControllerTests.swift in Sources */,
				22001BA828C2116E0057D6A5 /* CampaignCoreDataStoreTests.swift in Sources */,
				2222F45A28AF92BC00C1CEBD /* LandingViewControllerTests.swift in Sources */,
				22001BBD28C3804D0057D6A5 /* CampaignCollectionViewModelTests.swift in Sources */,
				22001BD328C536B70057D6A5 /* LocalizationFakeUserDefaults.swift in Sources */,
				224EA7A628B2E5130028A91B /* MainFlowTests.swift in Sources */,
				224EA7B428B5711A0028A91B /* LoginButtonTests.swift in Sources */,
				22001BDA28C5375D0057D6A5 /* CampaignTrackerStub.swift in Sources */,
				22001BB928C25C7D0057D6A5 /* CampaignCacheRemoteSynchronizerTests.swift in Sources */,
			);
			runOnlyForDeploymentPostprocessing = 0;
		};
		224A4B942892E0AE00FB4DDB /* Sources */ = {
			isa = PBXSourcesBuildPhase;
			buildActionMask = 2147483647;
			files = (
				225822C228BA9C5500906459 /* CustomAlertController.swift in Sources */,
				22001B2D28BDF9780057D6A5 /* CampaignCarouselViewController.swift in Sources */,
				224A4BB928931E5C00FB4DDB /* LoginViewController.swift in Sources */,
				224A4BB5289319C800FB4DDB /* UserAvatar.swift in Sources */,
				224EA7A928B2EB9D0028A91B /* MainFlow.swift in Sources */,
				224A4BA02892E0AE00FB4DDB /* LandingViewController.swift in Sources */,
				22001BB128C25B580057D6A5 /* CampaignTracker.swift in Sources */,
				224EA7C528B946A00028A91B /* LocalizationViewModel.swift in Sources */,
				224A4BC42893FBA900FB4DDB /* CampaignListViewController.swift in Sources */,
				224A4BBB28933AA700FB4DDB /* LoginWelcomeMessageView.swift in Sources */,
				224A4BCB2895B9F700FB4DDB /* AccountHead.swift in Sources */,
				22001BC528C51FAC0057D6A5 /* KeyValueStore.swift in Sources */,
				225822CF28BB8A7100906459 /* ScalingFadingAnimatedTransition.swift in Sources */,
				22001BE728C540320057D6A5 /* LoginService.swift in Sources */,
				22001BA228C1FA840057D6A5 /* CampaignStore.swift in Sources */,
				224EA7BC28B79E1C0028A91B /* LanguageSelectionViewController.swift in Sources */,
				22965F7928B9694200C4ADD0 /* String+Localized.swift in Sources */,
				224A4BBD2893430E00FB4DDB /* CloseButton.swift in Sources */,
				224EA7C328B945110028A91B /* UIFont+bold.swift in Sources */,
				2222F46228AF9AE800C1CEBD /* AccountHolder.swift in Sources */,
				22965F7D28B96E6C00C4ADD0 /* LanguageService.swift in Sources */,
				22001B3D28BF3E0E0057D6A5 /* CampaignCollectionViewModel.swift in Sources */,
				22001B3928BEC43A0057D6A5 /* UIViewControllerPreview.swift in Sources */,
				224A4BC628945D0400FB4DDB /* UIViewController+addChildView.swift in Sources */,
				22001B3B28BEC6610057D6A5 /* SlideToolBar.swift in Sources */,
				22001BB328C25B6D0057D6A5 /* CampaignUpdates.swift in Sources */,
				225822D228BBA58100906459 /* log_deinit.swift in Sources */,
				22001B2728BD0F030057D6A5 /* CampaignListCell.swift in Sources */,
				224EA7B628B63A5C0028A91B /* MyAssetsViewController.swift in Sources */,
				22001B4128BF77F30057D6A5 /* CampaignViewModel.swift in Sources */,
				22001B5328BF85700057D6A5 /* CampaignViewModelMapper.swift in Sources */,
				22001BC728C524020057D6A5 /* LocalizationService.swift in Sources */,
				224EA7BE28B7A6A70028A91B /* LoginPasswordFieldDelegate.swift in Sources */,
				224A4BC02893D06700FB4DDB /* HomePageViewController.swift in Sources */,
				22001B9B28C1F9610057D6A5 /* Data.xcdatamodeld in Sources */,
				22001B3F28BF44D10057D6A5 /* CarouselFlow.swift in Sources */,
				224EA7B028B56E2E0028A91B /* UIButtonExtended.swift in Sources */,
				224EA7C028B7ACD10028A91B /* LandingBottomActionBar.swift in Sources */,
				2222F45E28AF981100C1CEBD /* LoginSheetTransitionDelegate.swift in Sources */,
				22001BC928C530150057D6A5 /* LocalizationLanguage.swift in Sources */,
				22001B3428BE97B70057D6A5 /* MoreInfoView.swift in Sources */,
				22001B5128BF85460057D6A5 /* CampaignViewModelProvider.swift in Sources */,
				224A4BC92895703200FB4DDB /* AccountsViewController.swift in Sources */,
				224A4BB728931A1400FB4DDB /* CustomSizedPresentationController.swift in Sources */,
				224EA7BA28B666F50028A91B /* AssetsCircularChart.swift in Sources */,
				22001BAB28C219730057D6A5 /* CampaignsResponse.swift in Sources */,
				224A4BCE2895C98700FB4DDB /* UIView+doesNotWantToGrow+doesNotWantToShrink.swift in Sources */,
				22001B4828BF84790057D6A5 /* CampaignProvider.swift in Sources */,
				22001BAE28C21E200057D6A5 /* CampaignEntity+CoreDataClass.swift in Sources */,
				22001B2B28BD13610057D6A5 /* CampaignCarouselSlide.swift in Sources */,
				22001BB528C25C410057D6A5 /* CampaignCacheRemoteSynchronizer.swift in Sources */,
				224A4BC22893DB6100FB4DDB /* MoveUpPageTransition.swift in Sources */,
				224EA7D228B95B790028A91B /* NSBundle+Language.m in Sources */,
				224A4B9C2892E0AE00FB4DDB /* AppDelegate.swift in Sources */,
				225822C428BA9DF100906459 /* CustomAlertPresentationController.swift in Sources */,
				22001B4F28BF85280057D6A5 /* CampaignViewModel+init.swift in Sources */,
				2275B2052897219600BAD58E /* NSDirectionalEdgeInsets+init.swift in Sources */,
				22001B2928BD0F180057D6A5 /* CampaignItem.swift in Sources */,
				2222F46428AF9E2E00C1CEBD /* LoginViewModel.swift in Sources */,
				22001B3728BEC41A0057D6A5 /* UIViewPreview.swift in Sources */,
				224EA7B828B641710028A91B /* UIColor+Color.swift in Sources */,
				225822CD28BB889100906459 /* ExitAlertPresenter.swift in Sources */,
				225822C628BAB12600906459 /* UIEdgeInsets+all.swift in Sources */,
				22001BE928C5404E0057D6A5 /* LoginServiceStub.swift in Sources */,
				224A4B9E2892E0AE00FB4DDB /* SceneDelegate.swift in Sources */,
				22001BAF28C21E200057D6A5 /* CampaignEntity+CoreDataProperties.swift in Sources */,
				22001B4C28BF84F30057D6A5 /* CampaignAPI.swift in Sources */,
				22001BBB28C3727F0057D6A5 /* PersistentContainerFactory.swift in Sources */,
				224EA7C728B94B130028A91B /* LanguageButton.swift in Sources */,
				224EA7AC28B2EBC30028A91B /* Factory.swift in Sources */,
			);
			runOnlyForDeploymentPostprocessing = 0;
		};
/* End PBXSourcesBuildPhase section */

/* Begin PBXTargetDependency section */
		2222F45528AF909300C1CEBD /* PBXTargetDependency */ = {
			isa = PBXTargetDependency;
			target = 224A4B972892E0AE00FB4DDB /* ziraat-clone */;
			targetProxy = 2222F45428AF909300C1CEBD /* PBXContainerItemProxy */;
		};
/* End PBXTargetDependency section */

/* Begin PBXVariantGroup section */
		224A4BA62892E0AF00FB4DDB /* LaunchScreen.storyboard */ = {
			isa = PBXVariantGroup;
			children = (
				224EA7D828B965BE0028A91B /* Base */,
			);
			name = LaunchScreen.storyboard;
			sourceTree = "<group>";
		};
		22965F7628B968E000C4ADD0 /* Localizable.strings */ = {
			isa = PBXVariantGroup;
			children = (
				22965F7528B968E000C4ADD0 /* en */,
				22965F7728B968EE00C4ADD0 /* tr */,
			);
			name = Localizable.strings;
			sourceTree = "<group>";
		};
/* End PBXVariantGroup section */

/* Begin XCBuildConfiguration section */
		2222F45628AF909300C1CEBD /* Debug */ = {
			isa = XCBuildConfiguration;
			buildSettings = {
				BUNDLE_LOADER = "$(TEST_HOST)";
				CODE_SIGN_STYLE = Automatic;
				CURRENT_PROJECT_VERSION = 1;
				GENERATE_INFOPLIST_FILE = YES;
				MARKETING_VERSION = 1.0;
				PRODUCT_BUNDLE_IDENTIFIER = "gurhankuras.ziraat-cloneTests";
				PRODUCT_NAME = "$(TARGET_NAME)";
				SWIFT_EMIT_LOC_STRINGS = NO;
				SWIFT_VERSION = 5.0;
				TARGETED_DEVICE_FAMILY = "1,2";
				TEST_HOST = "$(BUILT_PRODUCTS_DIR)/ziraat-clone.app/ziraat-clone";
			};
			name = Debug;
		};
		2222F45728AF909300C1CEBD /* Release */ = {
			isa = XCBuildConfiguration;
			buildSettings = {
				BUNDLE_LOADER = "$(TEST_HOST)";
				CODE_SIGN_STYLE = Automatic;
				CURRENT_PROJECT_VERSION = 1;
				GENERATE_INFOPLIST_FILE = YES;
				MARKETING_VERSION = 1.0;
				PRODUCT_BUNDLE_IDENTIFIER = "gurhankuras.ziraat-cloneTests";
				PRODUCT_NAME = "$(TARGET_NAME)";
				SWIFT_EMIT_LOC_STRINGS = NO;
				SWIFT_VERSION = 5.0;
				TARGETED_DEVICE_FAMILY = "1,2";
				TEST_HOST = "$(BUILT_PRODUCTS_DIR)/ziraat-clone.app/ziraat-clone";
			};
			name = Release;
		};
		224A4BAA2892E0AF00FB4DDB /* Debug */ = {
			isa = XCBuildConfiguration;
			buildSettings = {
				ALWAYS_SEARCH_USER_PATHS = NO;
				CLANG_ANALYZER_LOCALIZABILITY_NONLOCALIZED = YES;
				CLANG_ANALYZER_NONNULL = YES;
				CLANG_ANALYZER_NUMBER_OBJECT_CONVERSION = YES_AGGRESSIVE;
				CLANG_CXX_LANGUAGE_STANDARD = "gnu++17";
				CLANG_ENABLE_MODULES = YES;
				CLANG_ENABLE_OBJC_ARC = YES;
				CLANG_ENABLE_OBJC_WEAK = YES;
				CLANG_WARN_BLOCK_CAPTURE_AUTORELEASING = YES;
				CLANG_WARN_BOOL_CONVERSION = YES;
				CLANG_WARN_COMMA = YES;
				CLANG_WARN_CONSTANT_CONVERSION = YES;
				CLANG_WARN_DEPRECATED_OBJC_IMPLEMENTATIONS = YES;
				CLANG_WARN_DIRECT_OBJC_ISA_USAGE = YES_ERROR;
				CLANG_WARN_DOCUMENTATION_COMMENTS = YES;
				CLANG_WARN_EMPTY_BODY = YES;
				CLANG_WARN_ENUM_CONVERSION = YES;
				CLANG_WARN_INFINITE_RECURSION = YES;
				CLANG_WARN_INT_CONVERSION = YES;
				CLANG_WARN_NON_LITERAL_NULL_CONVERSION = YES;
				CLANG_WARN_OBJC_IMPLICIT_RETAIN_SELF = YES;
				CLANG_WARN_OBJC_LITERAL_CONVERSION = YES;
				CLANG_WARN_OBJC_ROOT_CLASS = YES_ERROR;
				CLANG_WARN_QUOTED_INCLUDE_IN_FRAMEWORK_HEADER = YES;
				CLANG_WARN_RANGE_LOOP_ANALYSIS = YES;
				CLANG_WARN_STRICT_PROTOTYPES = YES;
				CLANG_WARN_SUSPICIOUS_MOVE = YES;
				CLANG_WARN_UNGUARDED_AVAILABILITY = YES_AGGRESSIVE;
				CLANG_WARN_UNREACHABLE_CODE = YES;
				CLANG_WARN__DUPLICATE_METHOD_MATCH = YES;
				COPY_PHASE_STRIP = NO;
				DEBUG_INFORMATION_FORMAT = dwarf;
				ENABLE_STRICT_OBJC_MSGSEND = YES;
				ENABLE_TESTABILITY = YES;
				GCC_C_LANGUAGE_STANDARD = gnu11;
				GCC_DYNAMIC_NO_PIC = NO;
				GCC_NO_COMMON_BLOCKS = YES;
				GCC_OPTIMIZATION_LEVEL = 0;
				GCC_PREPROCESSOR_DEFINITIONS = (
					"DEBUG=1",
					"$(inherited)",
				);
				GCC_WARN_64_TO_32_BIT_CONVERSION = YES;
				GCC_WARN_ABOUT_RETURN_TYPE = YES_ERROR;
				GCC_WARN_UNDECLARED_SELECTOR = YES;
				GCC_WARN_UNINITIALIZED_AUTOS = YES_AGGRESSIVE;
				GCC_WARN_UNUSED_FUNCTION = YES;
				GCC_WARN_UNUSED_VARIABLE = YES;
				IPHONEOS_DEPLOYMENT_TARGET = 15.5;
				MTL_ENABLE_DEBUG_INFO = INCLUDE_SOURCE;
				MTL_FAST_MATH = YES;
				ONLY_ACTIVE_ARCH = YES;
				SDKROOT = iphoneos;
				SWIFT_ACTIVE_COMPILATION_CONDITIONS = DEBUG;
				SWIFT_OPTIMIZATION_LEVEL = "-Onone";
			};
			name = Debug;
		};
		224A4BAB2892E0AF00FB4DDB /* Release */ = {
			isa = XCBuildConfiguration;
			buildSettings = {
				ALWAYS_SEARCH_USER_PATHS = NO;
				CLANG_ANALYZER_LOCALIZABILITY_NONLOCALIZED = YES;
				CLANG_ANALYZER_NONNULL = YES;
				CLANG_ANALYZER_NUMBER_OBJECT_CONVERSION = YES_AGGRESSIVE;
				CLANG_CXX_LANGUAGE_STANDARD = "gnu++17";
				CLANG_ENABLE_MODULES = YES;
				CLANG_ENABLE_OBJC_ARC = YES;
				CLANG_ENABLE_OBJC_WEAK = YES;
				CLANG_WARN_BLOCK_CAPTURE_AUTORELEASING = YES;
				CLANG_WARN_BOOL_CONVERSION = YES;
				CLANG_WARN_COMMA = YES;
				CLANG_WARN_CONSTANT_CONVERSION = YES;
				CLANG_WARN_DEPRECATED_OBJC_IMPLEMENTATIONS = YES;
				CLANG_WARN_DIRECT_OBJC_ISA_USAGE = YES_ERROR;
				CLANG_WARN_DOCUMENTATION_COMMENTS = YES;
				CLANG_WARN_EMPTY_BODY = YES;
				CLANG_WARN_ENUM_CONVERSION = YES;
				CLANG_WARN_INFINITE_RECURSION = YES;
				CLANG_WARN_INT_CONVERSION = YES;
				CLANG_WARN_NON_LITERAL_NULL_CONVERSION = YES;
				CLANG_WARN_OBJC_IMPLICIT_RETAIN_SELF = YES;
				CLANG_WARN_OBJC_LITERAL_CONVERSION = YES;
				CLANG_WARN_OBJC_ROOT_CLASS = YES_ERROR;
				CLANG_WARN_QUOTED_INCLUDE_IN_FRAMEWORK_HEADER = YES;
				CLANG_WARN_RANGE_LOOP_ANALYSIS = YES;
				CLANG_WARN_STRICT_PROTOTYPES = YES;
				CLANG_WARN_SUSPICIOUS_MOVE = YES;
				CLANG_WARN_UNGUARDED_AVAILABILITY = YES_AGGRESSIVE;
				CLANG_WARN_UNREACHABLE_CODE = YES;
				CLANG_WARN__DUPLICATE_METHOD_MATCH = YES;
				COPY_PHASE_STRIP = NO;
				DEBUG_INFORMATION_FORMAT = "dwarf-with-dsym";
				ENABLE_NS_ASSERTIONS = NO;
				ENABLE_STRICT_OBJC_MSGSEND = YES;
				GCC_C_LANGUAGE_STANDARD = gnu11;
				GCC_NO_COMMON_BLOCKS = YES;
				GCC_WARN_64_TO_32_BIT_CONVERSION = YES;
				GCC_WARN_ABOUT_RETURN_TYPE = YES_ERROR;
				GCC_WARN_UNDECLARED_SELECTOR = YES;
				GCC_WARN_UNINITIALIZED_AUTOS = YES_AGGRESSIVE;
				GCC_WARN_UNUSED_FUNCTION = YES;
				GCC_WARN_UNUSED_VARIABLE = YES;
				IPHONEOS_DEPLOYMENT_TARGET = 15.5;
				MTL_ENABLE_DEBUG_INFO = NO;
				MTL_FAST_MATH = YES;
				SDKROOT = iphoneos;
				SWIFT_COMPILATION_MODE = wholemodule;
				SWIFT_OPTIMIZATION_LEVEL = "-O";
				VALIDATE_PRODUCT = YES;
			};
			name = Release;
		};
		224A4BAD2892E0AF00FB4DDB /* Debug */ = {
			isa = XCBuildConfiguration;
			buildSettings = {
				ASSETCATALOG_COMPILER_APPICON_NAME = AppIcon;
				ASSETCATALOG_COMPILER_GLOBAL_ACCENT_COLOR_NAME = AccentColor;
				CLANG_ENABLE_MODULES = YES;
				CODE_SIGN_STYLE = Automatic;
				CURRENT_PROJECT_VERSION = 1;
				DEVELOPMENT_TEAM = PG5DH5Q24R;
				GENERATE_INFOPLIST_FILE = YES;
				INFOPLIST_FILE = "ziraat-clone/Info.plist";
				INFOPLIST_KEY_UIApplicationSupportsIndirectInputEvents = YES;
				INFOPLIST_KEY_UILaunchStoryboardName = LaunchScreen;
				INFOPLIST_KEY_UISupportedInterfaceOrientations_iPad = "UIInterfaceOrientationPortrait UIInterfaceOrientationPortraitUpsideDown UIInterfaceOrientationLandscapeLeft UIInterfaceOrientationLandscapeRight";
				INFOPLIST_KEY_UISupportedInterfaceOrientations_iPhone = "UIInterfaceOrientationPortrait UIInterfaceOrientationLandscapeLeft UIInterfaceOrientationLandscapeRight";
				LD_RUNPATH_SEARCH_PATHS = (
					"$(inherited)",
					"@executable_path/Frameworks",
				);
				MARKETING_VERSION = 1.0;
				PRODUCT_BUNDLE_IDENTIFIER = "gurhankuras.ziraat-clone";
				PRODUCT_NAME = "$(TARGET_NAME)";
				SWIFT_EMIT_LOC_STRINGS = YES;
				SWIFT_OBJC_BRIDGING_HEADER = "ziraat-clone/objc/ziraat-clone-Bridging-Header.h";
				SWIFT_OPTIMIZATION_LEVEL = "-Onone";
				SWIFT_VERSION = 5.0;
				TARGETED_DEVICE_FAMILY = "1,2";
			};
			name = Debug;
		};
		224A4BAE2892E0AF00FB4DDB /* Release */ = {
			isa = XCBuildConfiguration;
			buildSettings = {
				ASSETCATALOG_COMPILER_APPICON_NAME = AppIcon;
				ASSETCATALOG_COMPILER_GLOBAL_ACCENT_COLOR_NAME = AccentColor;
				CLANG_ENABLE_MODULES = YES;
				CODE_SIGN_STYLE = Automatic;
				CURRENT_PROJECT_VERSION = 1;
				DEVELOPMENT_TEAM = PG5DH5Q24R;
				GENERATE_INFOPLIST_FILE = YES;
				INFOPLIST_FILE = "ziraat-clone/Info.plist";
				INFOPLIST_KEY_UIApplicationSupportsIndirectInputEvents = YES;
				INFOPLIST_KEY_UILaunchStoryboardName = LaunchScreen;
				INFOPLIST_KEY_UISupportedInterfaceOrientations_iPad = "UIInterfaceOrientationPortrait UIInterfaceOrientationPortraitUpsideDown UIInterfaceOrientationLandscapeLeft UIInterfaceOrientationLandscapeRight";
				INFOPLIST_KEY_UISupportedInterfaceOrientations_iPhone = "UIInterfaceOrientationPortrait UIInterfaceOrientationLandscapeLeft UIInterfaceOrientationLandscapeRight";
				LD_RUNPATH_SEARCH_PATHS = (
					"$(inherited)",
					"@executable_path/Frameworks",
				);
				MARKETING_VERSION = 1.0;
				PRODUCT_BUNDLE_IDENTIFIER = "gurhankuras.ziraat-clone";
				PRODUCT_NAME = "$(TARGET_NAME)";
				SWIFT_EMIT_LOC_STRINGS = YES;
				SWIFT_OBJC_BRIDGING_HEADER = "ziraat-clone/objc/ziraat-clone-Bridging-Header.h";
				SWIFT_VERSION = 5.0;
				TARGETED_DEVICE_FAMILY = "1,2";
			};
			name = Release;
		};
/* End XCBuildConfiguration section */

/* Begin XCConfigurationList section */
		2222F45828AF909300C1CEBD /* Build configuration list for PBXNativeTarget "ziraat-cloneTests" */ = {
			isa = XCConfigurationList;
			buildConfigurations = (
				2222F45628AF909300C1CEBD /* Debug */,
				2222F45728AF909300C1CEBD /* Release */,
			);
			defaultConfigurationIsVisible = 0;
			defaultConfigurationName = Release;
		};
		224A4B932892E0AE00FB4DDB /* Build configuration list for PBXProject "ziraat-clone" */ = {
			isa = XCConfigurationList;
			buildConfigurations = (
				224A4BAA2892E0AF00FB4DDB /* Debug */,
				224A4BAB2892E0AF00FB4DDB /* Release */,
			);
			defaultConfigurationIsVisible = 0;
			defaultConfigurationName = Release;
		};
		224A4BAC2892E0AF00FB4DDB /* Build configuration list for PBXNativeTarget "ziraat-clone" */ = {
			isa = XCConfigurationList;
			buildConfigurations = (
				224A4BAD2892E0AF00FB4DDB /* Debug */,
				224A4BAE2892E0AF00FB4DDB /* Release */,
			);
			defaultConfigurationIsVisible = 0;
			defaultConfigurationName = Release;
		};
/* End XCConfigurationList section */

/* Begin XCRemoteSwiftPackageReference section */
		224A4BB02892E3D700FB4DDB /* XCRemoteSwiftPackageReference "SnapKit" */ = {
			isa = XCRemoteSwiftPackageReference;
			repositoryURL = "https://github.com/SnapKit/SnapKit.git";
			requirement = {
				branch = develop;
				kind = branch;
			};
		};
		225822C728BB759D00906459 /* XCRemoteSwiftPackageReference "lottie-ios" */ = {
			isa = XCRemoteSwiftPackageReference;
			repositoryURL = "https://github.com/airbnb/lottie-ios.git";
			requirement = {
				branch = master;
				kind = branch;
			};
		};
/* End XCRemoteSwiftPackageReference section */

/* Begin XCSwiftPackageProductDependency section */
		224A4BB12892E3D700FB4DDB /* SnapKit */ = {
			isa = XCSwiftPackageProductDependency;
			package = 224A4BB02892E3D700FB4DDB /* XCRemoteSwiftPackageReference "SnapKit" */;
			productName = SnapKit;
		};
		225822C828BB759D00906459 /* Lottie */ = {
			isa = XCSwiftPackageProductDependency;
			package = 225822C728BB759D00906459 /* XCRemoteSwiftPackageReference "lottie-ios" */;
			productName = Lottie;
		};
/* End XCSwiftPackageProductDependency section */

/* Begin XCVersionGroup section */
		22001B9928C1F9610057D6A5 /* Data.xcdatamodeld */ = {
			isa = XCVersionGroup;
			children = (
				22001B9A28C1F9610057D6A5 /* Data.xcdatamodel */,
			);
			currentVersion = 22001B9A28C1F9610057D6A5 /* Data.xcdatamodel */;
			path = Data.xcdatamodeld;
			sourceTree = "<group>";
			versionGroupType = wrapper.xcdatamodel;
		};
/* End XCVersionGroup section */
	};
	rootObject = 224A4B902892E0AE00FB4DDB /* Project object */;
}
